// !$*UTF8*$!
{
	archiveVersion = 1;
	classes = {
	};
	objectVersion = 56;
	objects = {

/* Begin PBXBuildFile section */
		849CB5632AEA0D30005B3FEB /* marketApp.swift in Sources */ = {isa = PBXBuildFile; fileRef = 849CB5622AEA0D30005B3FEB /* marketApp.swift */; };
		849CB5652AEA0D30005B3FEB /* watchMarket.swift in Sources */ = {isa = PBXBuildFile; fileRef = 849CB5642AEA0D30005B3FEB /* watchMarket.swift */; };
		849CB5672AEA0D32005B3FEB /* Assets.xcassets in Resources */ = {isa = PBXBuildFile; fileRef = 849CB5662AEA0D32005B3FEB /* Assets.xcassets */; };
		849CB56B2AEA0D32005B3FEB /* Preview Assets.xcassets in Resources */ = {isa = PBXBuildFile; fileRef = 849CB56A2AEA0D32005B3FEB /* Preview Assets.xcassets */; };
		849CB5752AEA0D33005B3FEB /* marketTests.swift in Sources */ = {isa = PBXBuildFile; fileRef = 849CB5742AEA0D33005B3FEB /* marketTests.swift */; };
		849CB57F2AEA0D33005B3FEB /* marketUITests.swift in Sources */ = {isa = PBXBuildFile; fileRef = 849CB57E2AEA0D33005B3FEB /* marketUITests.swift */; };
		849CB5812AEA0D33005B3FEB /* marketUITestsLaunchTests.swift in Sources */ = {isa = PBXBuildFile; fileRef = 849CB5802AEA0D33005B3FEB /* marketUITestsLaunchTests.swift */; };
		849CB5992AEA647C005B3FEB /* SVGKit in Frameworks */ = {isa = PBXBuildFile; productRef = 849CB5982AEA647C005B3FEB /* SVGKit */; };
		849CB59B2AEA647C005B3FEB /* SVGKitSwift in Frameworks */ = {isa = PBXBuildFile; productRef = 849CB59A2AEA647C005B3FEB /* SVGKitSwift */; };
		84A2EFA92AEB595D0062BF56 /* SVGImageView.swift in Sources */ = {isa = PBXBuildFile; fileRef = 84A2EFA82AEB595D0062BF56 /* SVGImageView.swift */; };
		84A2EFAE2AEB59A30062BF56 /* martketData.swift in Sources */ = {isa = PBXBuildFile; fileRef = 84A2EFAD2AEB59A30062BF56 /* martketData.swift */; };
		84A2EFB02AEB59BD0062BF56 /* AsyncImage.swift in Sources */ = {isa = PBXBuildFile; fileRef = 84A2EFAF2AEB59BD0062BF56 /* AsyncImage.swift */; };
		84A2EFB22AEB8DDA0062BF56 /* DetailMarketView.swift in Sources */ = {isa = PBXBuildFile; fileRef = 84A2EFB12AEB8DDA0062BF56 /* DetailMarketView.swift */; };
		84A2EFB52AEBA7120062BF56 /* LightweightCharts in Frameworks */ = {isa = PBXBuildFile; productRef = 84A2EFB42AEBA7120062BF56 /* LightweightCharts */; };
/* End PBXBuildFile section */

/* Begin PBXContainerItemProxy section */
		849CB5712AEA0D33005B3FEB /* PBXContainerItemProxy */ = {
			isa = PBXContainerItemProxy;
			containerPortal = 849CB5572AEA0D30005B3FEB /* Project object */;
			proxyType = 1;
			remoteGlobalIDString = 849CB55E2AEA0D30005B3FEB;
			remoteInfo = market;
		};
		849CB57B2AEA0D33005B3FEB /* PBXContainerItemProxy */ = {
			isa = PBXContainerItemProxy;
			containerPortal = 849CB5572AEA0D30005B3FEB /* Project object */;
			proxyType = 1;
			remoteGlobalIDString = 849CB55E2AEA0D30005B3FEB;
			remoteInfo = market;
		};
/* End PBXContainerItemProxy section */

/* Begin PBXFileReference section */
		849CB55F2AEA0D30005B3FEB /* market.app */ = {isa = PBXFileReference; explicitFileType = wrapper.application; includeInIndex = 0; path = market.app; sourceTree = BUILT_PRODUCTS_DIR; };
		849CB5622AEA0D30005B3FEB /* marketApp.swift */ = {isa = PBXFileReference; lastKnownFileType = sourcecode.swift; path = marketApp.swift; sourceTree = "<group>"; };
		849CB5642AEA0D30005B3FEB /* watchMarket.swift */ = {isa = PBXFileReference; lastKnownFileType = sourcecode.swift; path = watchMarket.swift; sourceTree = "<group>"; };
		849CB5662AEA0D32005B3FEB /* Assets.xcassets */ = {isa = PBXFileReference; lastKnownFileType = folder.assetcatalog; path = Assets.xcassets; sourceTree = "<group>"; };
		849CB5682AEA0D32005B3FEB /* market.entitlements */ = {isa = PBXFileReference; lastKnownFileType = text.plist.entitlements; path = market.entitlements; sourceTree = "<group>"; };
		849CB56A2AEA0D32005B3FEB /* Preview Assets.xcassets */ = {isa = PBXFileReference; lastKnownFileType = folder.assetcatalog; path = "Preview Assets.xcassets"; sourceTree = "<group>"; };
		849CB5702AEA0D33005B3FEB /* marketTests.xctest */ = {isa = PBXFileReference; explicitFileType = wrapper.cfbundle; includeInIndex = 0; path = marketTests.xctest; sourceTree = BUILT_PRODUCTS_DIR; };
		849CB5742AEA0D33005B3FEB /* marketTests.swift */ = {isa = PBXFileReference; lastKnownFileType = sourcecode.swift; path = marketTests.swift; sourceTree = "<group>"; };
		849CB57A2AEA0D33005B3FEB /* marketUITests.xctest */ = {isa = PBXFileReference; explicitFileType = wrapper.cfbundle; includeInIndex = 0; path = marketUITests.xctest; sourceTree = BUILT_PRODUCTS_DIR; };
		849CB57E2AEA0D33005B3FEB /* marketUITests.swift */ = {isa = PBXFileReference; lastKnownFileType = sourcecode.swift; path = marketUITests.swift; sourceTree = "<group>"; };
		849CB5802AEA0D33005B3FEB /* marketUITestsLaunchTests.swift */ = {isa = PBXFileReference; lastKnownFileType = sourcecode.swift; path = marketUITestsLaunchTests.swift; sourceTree = "<group>"; };
		84A2EFA82AEB595D0062BF56 /* SVGImageView.swift */ = {isa = PBXFileReference; lastKnownFileType = sourcecode.swift; path = SVGImageView.swift; sourceTree = "<group>"; };
		84A2EFAD2AEB59A30062BF56 /* martketData.swift */ = {isa = PBXFileReference; lastKnownFileType = sourcecode.swift; path = martketData.swift; sourceTree = "<group>"; };
		84A2EFAF2AEB59BD0062BF56 /* AsyncImage.swift */ = {isa = PBXFileReference; lastKnownFileType = sourcecode.swift; path = AsyncImage.swift; sourceTree = "<group>"; };
		84A2EFB12AEB8DDA0062BF56 /* DetailMarketView.swift */ = {isa = PBXFileReference; lastKnownFileType = sourcecode.swift; path = DetailMarketView.swift; sourceTree = "<group>"; };
/* End PBXFileReference section */

/* Begin PBXFrameworksBuildPhase section */
		849CB55C2AEA0D30005B3FEB /* Frameworks */ = {
			isa = PBXFrameworksBuildPhase;
			buildActionMask = 2147483647;
			files = (
				849CB59B2AEA647C005B3FEB /* SVGKitSwift in Frameworks */,
				849CB5992AEA647C005B3FEB /* SVGKit in Frameworks */,
				84A2EFB52AEBA7120062BF56 /* LightweightCharts in Frameworks */,
			);
			runOnlyForDeploymentPostprocessing = 0;
		};
		849CB56D2AEA0D33005B3FEB /* Frameworks */ = {
			isa = PBXFrameworksBuildPhase;
			buildActionMask = 2147483647;
			files = (
			);
			runOnlyForDeploymentPostprocessing = 0;
		};
		849CB5772AEA0D33005B3FEB /* Frameworks */ = {
			isa = PBXFrameworksBuildPhase;
			buildActionMask = 2147483647;
			files = (
			);
			runOnlyForDeploymentPostprocessing = 0;
		};
/* End PBXFrameworksBuildPhase section */

/* Begin PBXGroup section */
		849CB5562AEA0D30005B3FEB = {
			isa = PBXGroup;
			children = (
				849CB5612AEA0D30005B3FEB /* market */,
				849CB5732AEA0D33005B3FEB /* marketTests */,
				849CB57D2AEA0D33005B3FEB /* marketUITests */,
				849CB5602AEA0D30005B3FEB /* Products */,
			);
			sourceTree = "<group>";
		};
		849CB5602AEA0D30005B3FEB /* Products */ = {
			isa = PBXGroup;
			children = (
				849CB55F2AEA0D30005B3FEB /* market.app */,
				849CB5702AEA0D33005B3FEB /* marketTests.xctest */,
				849CB57A2AEA0D33005B3FEB /* marketUITests.xctest */,
			);
			name = Products;
			sourceTree = "<group>";
		};
		849CB5612AEA0D30005B3FEB /* market */ = {
			isa = PBXGroup;
			children = (
				84A2EFAC2AEB59880062BF56 /* data */,
				84A2EFAB2AEB59700062BF56 /* presentation */,
				849CB5662AEA0D32005B3FEB /* Assets.xcassets */,
				849CB5682AEA0D32005B3FEB /* market.entitlements */,
				849CB5692AEA0D32005B3FEB /* Preview Content */,
			);
			path = market;
			sourceTree = "<group>";
		};
		849CB5692AEA0D32005B3FEB /* Preview Content */ = {
			isa = PBXGroup;
			children = (
				849CB56A2AEA0D32005B3FEB /* Preview Assets.xcassets */,
			);
			path = "Preview Content";
			sourceTree = "<group>";
		};
		849CB5732AEA0D33005B3FEB /* marketTests */ = {
			isa = PBXGroup;
			children = (
				849CB5742AEA0D33005B3FEB /* marketTests.swift */,
			);
			path = marketTests;
			sourceTree = "<group>";
		};
		849CB57D2AEA0D33005B3FEB /* marketUITests */ = {
			isa = PBXGroup;
			children = (
				849CB57E2AEA0D33005B3FEB /* marketUITests.swift */,
				849CB5802AEA0D33005B3FEB /* marketUITestsLaunchTests.swift */,
			);
			path = marketUITests;
			sourceTree = "<group>";
		};
		84A2EFAA2AEB59620062BF56 /* component */ = {
			isa = PBXGroup;
			children = (
				84A2EFA82AEB595D0062BF56 /* SVGImageView.swift */,
				84A2EFAF2AEB59BD0062BF56 /* AsyncImage.swift */,
			);
			path = component;
			sourceTree = "<group>";
		};
		84A2EFAB2AEB59700062BF56 /* presentation */ = {
			isa = PBXGroup;
			children = (
				849CB5622AEA0D30005B3FEB /* marketApp.swift */,
				849CB5642AEA0D30005B3FEB /* watchMarket.swift */,
				84A2EFB12AEB8DDA0062BF56 /* DetailMarketView.swift */,
				84A2EFAA2AEB59620062BF56 /* component */,
			);
			path = presentation;
			sourceTree = "<group>";
		};
		84A2EFAC2AEB59880062BF56 /* data */ = {
			isa = PBXGroup;
			children = (
				84A2EFAD2AEB59A30062BF56 /* martketData.swift */,
			);
			path = data;
			sourceTree = "<group>";
		};
/* End PBXGroup section */

/* Begin PBXNativeTarget section */
		849CB55E2AEA0D30005B3FEB /* market */ = {
			isa = PBXNativeTarget;
			buildConfigurationList = 849CB5842AEA0D33005B3FEB /* Build configuration list for PBXNativeTarget "market" */;
			buildPhases = (
				849CB55B2AEA0D30005B3FEB /* Sources */,
				849CB55C2AEA0D30005B3FEB /* Frameworks */,
				849CB55D2AEA0D30005B3FEB /* Resources */,
			);
			buildRules = (
			);
			dependencies = (
			);
			name = market;
			packageProductDependencies = (
				849CB5982AEA647C005B3FEB /* SVGKit */,
				849CB59A2AEA647C005B3FEB /* SVGKitSwift */,
				84A2EFB42AEBA7120062BF56 /* LightweightCharts */,
			);
			productName = market;
			productReference = 849CB55F2AEA0D30005B3FEB /* market.app */;
			productType = "com.apple.product-type.application";
		};
		849CB56F2AEA0D33005B3FEB /* marketTests */ = {
			isa = PBXNativeTarget;
			buildConfigurationList = 849CB5872AEA0D33005B3FEB /* Build configuration list for PBXNativeTarget "marketTests" */;
			buildPhases = (
				849CB56C2AEA0D33005B3FEB /* Sources */,
				849CB56D2AEA0D33005B3FEB /* Frameworks */,
				849CB56E2AEA0D33005B3FEB /* Resources */,
			);
			buildRules = (
			);
			dependencies = (
				849CB5722AEA0D33005B3FEB /* PBXTargetDependency */,
			);
			name = marketTests;
			productName = marketTests;
			productReference = 849CB5702AEA0D33005B3FEB /* marketTests.xctest */;
			productType = "com.apple.product-type.bundle.unit-test";
		};
		849CB5792AEA0D33005B3FEB /* marketUITests */ = {
			isa = PBXNativeTarget;
			buildConfigurationList = 849CB58A2AEA0D33005B3FEB /* Build configuration list for PBXNativeTarget "marketUITests" */;
			buildPhases = (
				849CB5762AEA0D33005B3FEB /* Sources */,
				849CB5772AEA0D33005B3FEB /* Frameworks */,
				849CB5782AEA0D33005B3FEB /* Resources */,
			);
			buildRules = (
			);
			dependencies = (
				849CB57C2AEA0D33005B3FEB /* PBXTargetDependency */,
			);
			name = marketUITests;
			productName = marketUITests;
			productReference = 849CB57A2AEA0D33005B3FEB /* marketUITests.xctest */;
			productType = "com.apple.product-type.bundle.ui-testing";
		};
/* End PBXNativeTarget section */

/* Begin PBXProject section */
		849CB5572AEA0D30005B3FEB /* Project object */ = {
			isa = PBXProject;
			attributes = {
				BuildIndependentTargetsInParallel = 1;
				LastSwiftUpdateCheck = 1430;
				LastUpgradeCheck = 1430;
				TargetAttributes = {
					849CB55E2AEA0D30005B3FEB = {
						CreatedOnToolsVersion = 14.3.1;
					};
					849CB56F2AEA0D33005B3FEB = {
						CreatedOnToolsVersion = 14.3.1;
						TestTargetID = 849CB55E2AEA0D30005B3FEB;
					};
					849CB5792AEA0D33005B3FEB = {
						CreatedOnToolsVersion = 14.3.1;
						TestTargetID = 849CB55E2AEA0D30005B3FEB;
					};
				};
			};
			buildConfigurationList = 849CB55A2AEA0D30005B3FEB /* Build configuration list for PBXProject "market" */;
			compatibilityVersion = "Xcode 14.0";
			developmentRegion = en;
			hasScannedForEncodings = 0;
			knownRegions = (
				en,
				Base,
			);
			mainGroup = 849CB5562AEA0D30005B3FEB;
			packageReferences = (
				849CB5972AEA647C005B3FEB /* XCRemoteSwiftPackageReference "SVGKit" */,
				84A2EFB32AEBA7120062BF56 /* XCRemoteSwiftPackageReference "LightweightChartsIOS" */,
			);
			productRefGroup = 849CB5602AEA0D30005B3FEB /* Products */;
			projectDirPath = "";
			projectRoot = "";
			targets = (
				849CB55E2AEA0D30005B3FEB /* market */,
				849CB56F2AEA0D33005B3FEB /* marketTests */,
				849CB5792AEA0D33005B3FEB /* marketUITests */,
			);
		};
/* End PBXProject section */

/* Begin PBXResourcesBuildPhase section */
		849CB55D2AEA0D30005B3FEB /* Resources */ = {
			isa = PBXResourcesBuildPhase;
			buildActionMask = 2147483647;
			files = (
				849CB56B2AEA0D32005B3FEB /* Preview Assets.xcassets in Resources */,
				849CB5672AEA0D32005B3FEB /* Assets.xcassets in Resources */,
			);
			runOnlyForDeploymentPostprocessing = 0;
		};
		849CB56E2AEA0D33005B3FEB /* Resources */ = {
			isa = PBXResourcesBuildPhase;
			buildActionMask = 2147483647;
			files = (
			);
			runOnlyForDeploymentPostprocessing = 0;
		};
		849CB5782AEA0D33005B3FEB /* Resources */ = {
			isa = PBXResourcesBuildPhase;
			buildActionMask = 2147483647;
			files = (
			);
			runOnlyForDeploymentPostprocessing = 0;
		};
/* End PBXResourcesBuildPhase section */

/* Begin PBXSourcesBuildPhase section */
		849CB55B2AEA0D30005B3FEB /* Sources */ = {
			isa = PBXSourcesBuildPhase;
			buildActionMask = 2147483647;
			files = (
				84A2EFB02AEB59BD0062BF56 /* AsyncImage.swift in Sources */,
				849CB5652AEA0D30005B3FEB /* watchMarket.swift in Sources */,
				849CB5632AEA0D30005B3FEB /* marketApp.swift in Sources */,
				84A2EFB22AEB8DDA0062BF56 /* DetailMarketView.swift in Sources */,
				84A2EFAE2AEB59A30062BF56 /* martketData.swift in Sources */,
				84A2EFA92AEB595D0062BF56 /* SVGImageView.swift in Sources */,
			);
			runOnlyForDeploymentPostprocessing = 0;
		};
		849CB56C2AEA0D33005B3FEB /* Sources */ = {
			isa = PBXSourcesBuildPhase;
			buildActionMask = 2147483647;
			files = (
				849CB5752AEA0D33005B3FEB /* marketTests.swift in Sources */,
			);
			runOnlyForDeploymentPostprocessing = 0;
		};
		849CB5762AEA0D33005B3FEB /* Sources */ = {
			isa = PBXSourcesBuildPhase;
			buildActionMask = 2147483647;
			files = (
				849CB5812AEA0D33005B3FEB /* marketUITestsLaunchTests.swift in Sources */,
				849CB57F2AEA0D33005B3FEB /* marketUITests.swift in Sources */,
			);
			runOnlyForDeploymentPostprocessing = 0;
		};
/* End PBXSourcesBuildPhase section */

/* Begin PBXTargetDependency section */
		849CB5722AEA0D33005B3FEB /* PBXTargetDependency */ = {
			isa = PBXTargetDependency;
			target = 849CB55E2AEA0D30005B3FEB /* market */;
			targetProxy = 849CB5712AEA0D33005B3FEB /* PBXContainerItemProxy */;
		};
		849CB57C2AEA0D33005B3FEB /* PBXTargetDependency */ = {
			isa = PBXTargetDependency;
			target = 849CB55E2AEA0D30005B3FEB /* market */;
			targetProxy = 849CB57B2AEA0D33005B3FEB /* PBXContainerItemProxy */;
		};
/* End PBXTargetDependency section */

/* Begin XCBuildConfiguration section */
		849CB5822AEA0D33005B3FEB /* Debug */ = {
			isa = XCBuildConfiguration;
			buildSettings = {
				ALWAYS_SEARCH_USER_PATHS = NO;
				CLANG_ANALYZER_NONNULL = YES;
				CLANG_ANALYZER_NUMBER_OBJECT_CONVERSION = YES_AGGRESSIVE;
				CLANG_CXX_LANGUAGE_STANDARD = "gnu++20";
				CLANG_ENABLE_MODULES = YES;
				CLANG_ENABLE_OBJC_ARC = YES;
				CLANG_ENABLE_OBJC_WEAK = YES;
				CLANG_WARN_BLOCK_CAPTURE_AUTORELEASING = YES;
				CLANG_WARN_BOOL_CONVERSION = YES;
				CLANG_WARN_COMMA = YES;
				CLANG_WARN_CONSTANT_CONVERSION = YES;
				CLANG_WARN_DEPRECATED_OBJC_IMPLEMENTATIONS = YES;
				CLANG_WARN_DIRECT_OBJC_ISA_USAGE = YES_ERROR;
				CLANG_WARN_DOCUMENTATION_COMMENTS = YES;
				CLANG_WARN_EMPTY_BODY = YES;
				CLANG_WARN_ENUM_CONVERSION = YES;
				CLANG_WARN_INFINITE_RECURSION = YES;
				CLANG_WARN_INT_CONVERSION = YES;
				CLANG_WARN_NON_LITERAL_NULL_CONVERSION = YES;
				CLANG_WARN_OBJC_IMPLICIT_RETAIN_SELF = YES;
				CLANG_WARN_OBJC_LITERAL_CONVERSION = YES;
				CLANG_WARN_OBJC_ROOT_CLASS = YES_ERROR;
				CLANG_WARN_QUOTED_INCLUDE_IN_FRAMEWORK_HEADER = YES;
				CLANG_WARN_RANGE_LOOP_ANALYSIS = YES;
				CLANG_WARN_STRICT_PROTOTYPES = YES;
				CLANG_WARN_SUSPICIOUS_MOVE = YES;
				CLANG_WARN_UNGUARDED_AVAILABILITY = YES_AGGRESSIVE;
				CLANG_WARN_UNREACHABLE_CODE = YES;
				CLANG_WARN__DUPLICATE_METHOD_MATCH = YES;
				COPY_PHASE_STRIP = NO;
				DEBUG_INFORMATION_FORMAT = dwarf;
				ENABLE_STRICT_OBJC_MSGSEND = YES;
				ENABLE_TESTABILITY = YES;
				GCC_C_LANGUAGE_STANDARD = gnu11;
				GCC_DYNAMIC_NO_PIC = NO;
				GCC_NO_COMMON_BLOCKS = YES;
				GCC_OPTIMIZATION_LEVEL = 0;
				GCC_PREPROCESSOR_DEFINITIONS = (
					"DEBUG=1",
					"$(inherited)",
				);
				GCC_WARN_64_TO_32_BIT_CONVERSION = YES;
				GCC_WARN_ABOUT_RETURN_TYPE = YES_ERROR;
				GCC_WARN_UNDECLARED_SELECTOR = YES;
				GCC_WARN_UNINITIALIZED_AUTOS = YES_AGGRESSIVE;
				GCC_WARN_UNUSED_FUNCTION = YES;
				GCC_WARN_UNUSED_VARIABLE = YES;
				IPHONEOS_DEPLOYMENT_TARGET = 14.0;
				MACOSX_DEPLOYMENT_TARGET = 13.2;
				MTL_ENABLE_DEBUG_INFO = INCLUDE_SOURCE;
				MTL_FAST_MATH = YES;
				ONLY_ACTIVE_ARCH = YES;
				SWIFT_ACTIVE_COMPILATION_CONDITIONS = DEBUG;
				SWIFT_OPTIMIZATION_LEVEL = "-Onone";
			};
			name = Debug;
		};
		849CB5832AEA0D33005B3FEB /* Release */ = {
			isa = XCBuildConfiguration;
			buildSettings = {
				ALWAYS_SEARCH_USER_PATHS = NO;
				CLANG_ANALYZER_NONNULL = YES;
				CLANG_ANALYZER_NUMBER_OBJECT_CONVERSION = YES_AGGRESSIVE;
				CLANG_CXX_LANGUAGE_STANDARD = "gnu++20";
				CLANG_ENABLE_MODULES = YES;
				CLANG_ENABLE_OBJC_ARC = YES;
				CLANG_ENABLE_OBJC_WEAK = YES;
				CLANG_WARN_BLOCK_CAPTURE_AUTORELEASING = YES;
				CLANG_WARN_BOOL_CONVERSION = YES;
				CLANG_WARN_COMMA = YES;
				CLANG_WARN_CONSTANT_CONVERSION = YES;
				CLANG_WARN_DEPRECATED_OBJC_IMPLEMENTATIONS = YES;
				CLANG_WARN_DIRECT_OBJC_ISA_USAGE = YES_ERROR;
				CLANG_WARN_DOCUMENTATION_COMMENTS = YES;
				CLANG_WARN_EMPTY_BODY = YES;
				CLANG_WARN_ENUM_CONVERSION = YES;
				CLANG_WARN_INFINITE_RECURSION = YES;
				CLANG_WARN_INT_CONVERSION = YES;
				CLANG_WARN_NON_LITERAL_NULL_CONVERSION = YES;
				CLANG_WARN_OBJC_IMPLICIT_RETAIN_SELF = YES;
				CLANG_WARN_OBJC_LITERAL_CONVERSION = YES;
				CLANG_WARN_OBJC_ROOT_CLASS = YES_ERROR;
				CLANG_WARN_QUOTED_INCLUDE_IN_FRAMEWORK_HEADER = YES;
				CLANG_WARN_RANGE_LOOP_ANALYSIS = YES;
				CLANG_WARN_STRICT_PROTOTYPES = YES;
				CLANG_WARN_SUSPICIOUS_MOVE = YES;
				CLANG_WARN_UNGUARDED_AVAILABILITY = YES_AGGRESSIVE;
				CLANG_WARN_UNREACHABLE_CODE = YES;
				CLANG_WARN__DUPLICATE_METHOD_MATCH = YES;
				COPY_PHASE_STRIP = NO;
				DEBUG_INFORMATION_FORMAT = "dwarf-with-dsym";
				ENABLE_NS_ASSERTIONS = NO;
				ENABLE_STRICT_OBJC_MSGSEND = YES;
				GCC_C_LANGUAGE_STANDARD = gnu11;
				GCC_NO_COMMON_BLOCKS = YES;
				GCC_WARN_64_TO_32_BIT_CONVERSION = YES;
				GCC_WARN_ABOUT_RETURN_TYPE = YES_ERROR;
				GCC_WARN_UNDECLARED_SELECTOR = YES;
				GCC_WARN_UNINITIALIZED_AUTOS = YES_AGGRESSIVE;
				GCC_WARN_UNUSED_FUNCTION = YES;
				GCC_WARN_UNUSED_VARIABLE = YES;
				IPHONEOS_DEPLOYMENT_TARGET = 14.0;
				MACOSX_DEPLOYMENT_TARGET = 13.2;
				MTL_ENABLE_DEBUG_INFO = NO;
				MTL_FAST_MATH = YES;
				SWIFT_COMPILATION_MODE = wholemodule;
				SWIFT_OPTIMIZATION_LEVEL = "-O";
			};
			name = Release;
		};
		849CB5852AEA0D33005B3FEB /* Debug */ = {
			isa = XCBuildConfiguration;
			buildSettings = {
				ASSETCATALOG_COMPILER_APPICON_NAME = AppIcon;
				ASSETCATALOG_COMPILER_GLOBAL_ACCENT_COLOR_NAME = AccentColor;
				CODE_SIGN_ENTITLEMENTS = market/market.entitlements;
				CODE_SIGN_STYLE = Automatic;
				CURRENT_PROJECT_VERSION = 1;
				DEVELOPMENT_ASSET_PATHS = "\"market/Preview Content\"";
				ENABLE_PREVIEWS = YES;
				GENERATE_INFOPLIST_FILE = YES;
				"INFOPLIST_KEY_UIApplicationSceneManifest_Generation[sdk=iphoneos*]" = YES;
				"INFOPLIST_KEY_UIApplicationSceneManifest_Generation[sdk=iphonesimulator*]" = YES;
				"INFOPLIST_KEY_UIApplicationSupportsIndirectInputEvents[sdk=iphoneos*]" = YES;
				"INFOPLIST_KEY_UIApplicationSupportsIndirectInputEvents[sdk=iphonesimulator*]" = YES;
				"INFOPLIST_KEY_UILaunchScreen_Generation[sdk=iphoneos*]" = YES;
				"INFOPLIST_KEY_UILaunchScreen_Generation[sdk=iphonesimulator*]" = YES;
				"INFOPLIST_KEY_UIStatusBarStyle[sdk=iphoneos*]" = UIStatusBarStyleDefault;
				"INFOPLIST_KEY_UIStatusBarStyle[sdk=iphonesimulator*]" = UIStatusBarStyleDefault;
				INFOPLIST_KEY_UISupportedInterfaceOrientations_iPad = "UIInterfaceOrientationPortrait UIInterfaceOrientationPortraitUpsideDown UIInterfaceOrientationLandscapeLeft UIInterfaceOrientationLandscapeRight";
				INFOPLIST_KEY_UISupportedInterfaceOrientations_iPhone = "UIInterfaceOrientationPortrait UIInterfaceOrientationLandscapeLeft UIInterfaceOrientationLandscapeRight";
				IPHONEOS_DEPLOYMENT_TARGET = 14.0;
				LD_RUNPATH_SEARCH_PATHS = "@executable_path/Frameworks";
				"LD_RUNPATH_SEARCH_PATHS[sdk=macosx*]" = "@executable_path/../Frameworks";
				MACOSX_DEPLOYMENT_TARGET = 13.3;
				MARKETING_VERSION = 1.0;
				PRODUCT_BUNDLE_IDENTIFIER = playgroundvina.market;
				PRODUCT_NAME = "$(TARGET_NAME)";
				SDKROOT = auto;
				SUPPORTED_PLATFORMS = "iphoneos iphonesimulator macosx";
				SWIFT_EMIT_LOC_STRINGS = YES;
				SWIFT_VERSION = 5.0;
				TARGETED_DEVICE_FAMILY = "1,2";
			};
			name = Debug;
		};
		849CB5862AEA0D33005B3FEB /* Release */ = {
			isa = XCBuildConfiguration;
			buildSettings = {
				ASSETCATALOG_COMPILER_APPICON_NAME = AppIcon;
				ASSETCATALOG_COMPILER_GLOBAL_ACCENT_COLOR_NAME = AccentColor;
				CODE_SIGN_ENTITLEMENTS = market/market.entitlements;
				CODE_SIGN_STYLE = Automatic;
				CURRENT_PROJECT_VERSION = 1;
				DEVELOPMENT_ASSET_PATHS = "\"market/Preview Content\"";
				ENABLE_PREVIEWS = YES;
				GENERATE_INFOPLIST_FILE = YES;
				"INFOPLIST_KEY_UIApplicationSceneManifest_Generation[sdk=iphoneos*]" = YES;
				"INFOPLIST_KEY_UIApplicationSceneManifest_Generation[sdk=iphonesimulator*]" = YES;
				"INFOPLIST_KEY_UIApplicationSupportsIndirectInputEvents[sdk=iphoneos*]" = YES;
				"INFOPLIST_KEY_UIApplicationSupportsIndirectInputEvents[sdk=iphonesimulator*]" = YES;
				"INFOPLIST_KEY_UILaunchScreen_Generation[sdk=iphoneos*]" = YES;
				"INFOPLIST_KEY_UILaunchScreen_Generation[sdk=iphonesimulator*]" = YES;
				"INFOPLIST_KEY_UIStatusBarStyle[sdk=iphoneos*]" = UIStatusBarStyleDefault;
				"INFOPLIST_KEY_UIStatusBarStyle[sdk=iphonesimulator*]" = UIStatusBarStyleDefault;
				INFOPLIST_KEY_UISupportedInterfaceOrientations_iPad = "UIInterfaceOrientationPortrait UIInterfaceOrientationPortraitUpsideDown UIInterfaceOrientationLandscapeLeft UIInterfaceOrientationLandscapeRight";
				INFOPLIST_KEY_UISupportedInterfaceOrientations_iPhone = "UIInterfaceOrientationPortrait UIInterfaceOrientationLandscapeLeft UIInterfaceOrientationLandscapeRight";
				IPHONEOS_DEPLOYMENT_TARGET = 14.0;
				LD_RUNPATH_SEARCH_PATHS = "@executable_path/Frameworks";
				"LD_RUNPATH_SEARCH_PATHS[sdk=macosx*]" = "@executable_path/../Frameworks";
				MACOSX_DEPLOYMENT_TARGET = 13.3;
				MARKETING_VERSION = 1.0;
				PRODUCT_BUNDLE_IDENTIFIER = playgroundvina.market;
				PRODUCT_NAME = "$(TARGET_NAME)";
				SDKROOT = auto;
				SUPPORTED_PLATFORMS = "iphoneos iphonesimulator macosx";
				SWIFT_EMIT_LOC_STRINGS = YES;
				SWIFT_VERSION = 5.0;
				TARGETED_DEVICE_FAMILY = "1,2";
			};
			name = Release;
		};
		849CB5882AEA0D33005B3FEB /* Debug */ = {
			isa = XCBuildConfiguration;
			buildSettings = {
				ALWAYS_EMBED_SWIFT_STANDARD_LIBRARIES = YES;
				BUNDLE_LOADER = "$(TEST_HOST)";
				CODE_SIGN_STYLE = Automatic;
				CURRENT_PROJECT_VERSION = 1;
				GENERATE_INFOPLIST_FILE = YES;
				IPHONEOS_DEPLOYMENT_TARGET = 16.4;
				MACOSX_DEPLOYMENT_TARGET = 13.3;
				MARKETING_VERSION = 1.0;
				PRODUCT_BUNDLE_IDENTIFIER = playgroundvina.marketTests;
				PRODUCT_NAME = "$(TARGET_NAME)";
				SDKROOT = auto;
				SUPPORTED_PLATFORMS = "iphoneos iphonesimulator macosx";
				SWIFT_EMIT_LOC_STRINGS = NO;
				SWIFT_VERSION = 5.0;
				TARGETED_DEVICE_FAMILY = "1,2";
				TEST_HOST = "$(BUILT_PRODUCTS_DIR)/market.app/$(BUNDLE_EXECUTABLE_FOLDER_PATH)/market";
			};
			name = Debug;
		};
		849CB5892AEA0D33005B3FEB /* Release */ = {
			isa = XCBuildConfiguration;
			buildSettings = {
				ALWAYS_EMBED_SWIFT_STANDARD_LIBRARIES = YES;
				BUNDLE_LOADER = "$(TEST_HOST)";
				CODE_SIGN_STYLE = Automatic;
				CURRENT_PROJECT_VERSION = 1;
				GENERATE_INFOPLIST_FILE = YES;
				IPHONEOS_DEPLOYMENT_TARGET = 16.4;
				MACOSX_DEPLOYMENT_TARGET = 13.3;
				MARKETING_VERSION = 1.0;
				PRODUCT_BUNDLE_IDENTIFIER = playgroundvina.marketTests;
				PRODUCT_NAME = "$(TARGET_NAME)";
				SDKROOT = auto;
				SUPPORTED_PLATFORMS = "iphoneos iphonesimulator macosx";
				SWIFT_EMIT_LOC_STRINGS = NO;
				SWIFT_VERSION = 5.0;
				TARGETED_DEVICE_FAMILY = "1,2";
				TEST_HOST = "$(BUILT_PRODUCTS_DIR)/market.app/$(BUNDLE_EXECUTABLE_FOLDER_PATH)/market";
			};
			name = Release;
		};
		849CB58B2AEA0D33005B3FEB /* Debug */ = {
			isa = XCBuildConfiguration;
			buildSettings = {
				ALWAYS_EMBED_SWIFT_STANDARD_LIBRARIES = YES;
				CODE_SIGN_STYLE = Automatic;
				CURRENT_PROJECT_VERSION = 1;
				GENERATE_INFOPLIST_FILE = YES;
				IPHONEOS_DEPLOYMENT_TARGET = 16.4;
				MACOSX_DEPLOYMENT_TARGET = 13.3;
				MARKETING_VERSION = 1.0;
				PRODUCT_BUNDLE_IDENTIFIER = playgroundvina.marketUITests;
				PRODUCT_NAME = "$(TARGET_NAME)";
				SDKROOT = auto;
				SUPPORTED_PLATFORMS = "iphoneos iphonesimulator macosx";
				SWIFT_EMIT_LOC_STRINGS = NO;
				SWIFT_VERSION = 5.0;
				TARGETED_DEVICE_FAMILY = "1,2";
				TEST_TARGET_NAME = market;
			};
			name = Debug;
		};
		849CB58C2AEA0D33005B3FEB /* Release */ = {
			isa = XCBuildConfiguration;
			buildSettings = {
				ALWAYS_EMBED_SWIFT_STANDARD_LIBRARIES = YES;
				CODE_SIGN_STYLE = Automatic;
				CURRENT_PROJECT_VERSION = 1;
				GENERATE_INFOPLIST_FILE = YES;
				IPHONEOS_DEPLOYMENT_TARGET = 16.4;
				MACOSX_DEPLOYMENT_TARGET = 13.3;
				MARKETING_VERSION = 1.0;
				PRODUCT_BUNDLE_IDENTIFIER = playgroundvina.marketUITests;
				PRODUCT_NAME = "$(TARGET_NAME)";
				SDKROOT = auto;
				SUPPORTED_PLATFORMS = "iphoneos iphonesimulator macosx";
				SWIFT_EMIT_LOC_STRINGS = NO;
				SWIFT_VERSION = 5.0;
				TARGETED_DEVICE_FAMILY = "1,2";
				TEST_TARGET_NAME = market;
			};
			name = Release;
		};
/* End XCBuildConfiguration section */

/* Begin XCConfigurationList section */
		849CB55A2AEA0D30005B3FEB /* Build configuration list for PBXProject "market" */ = {
			isa = XCConfigurationList;
			buildConfigurations = (
				849CB5822AEA0D33005B3FEB /* Debug */,
				849CB5832AEA0D33005B3FEB /* Release */,
			);
			defaultConfigurationIsVisible = 0;
			defaultConfigurationName = Release;
		};
		849CB5842AEA0D33005B3FEB /* Build configuration list for PBXNativeTarget "market" */ = {
			isa = XCConfigurationList;
			buildConfigurations = (
				849CB5852AEA0D33005B3FEB /* Debug */,
				849CB5862AEA0D33005B3FEB /* Release */,
			);
			defaultConfigurationIsVisible = 0;
			defaultConfigurationName = Release;
		};
		849CB5872AEA0D33005B3FEB /* Build configuration list for PBXNativeTarget "marketTests" */ = {
			isa = XCConfigurationList;
			buildConfigurations = (
				849CB5882AEA0D33005B3FEB /* Debug */,
				849CB5892AEA0D33005B3FEB /* Release */,
			);
			defaultConfigurationIsVisible = 0;
			defaultConfigurationName = Release;
		};
		849CB58A2AEA0D33005B3FEB /* Build configuration list for PBXNativeTarget "marketUITests" */ = {
			isa = XCConfigurationList;
			buildConfigurations = (
				849CB58B2AEA0D33005B3FEB /* Debug */,
				849CB58C2AEA0D33005B3FEB /* Release */,
			);
			defaultConfigurationIsVisible = 0;
			defaultConfigurationName = Release;
		};
/* End XCConfigurationList section */

/* Begin XCRemoteSwiftPackageReference section */
		849CB5972AEA647C005B3FEB /* XCRemoteSwiftPackageReference "SVGKit" */ = {
			isa = XCRemoteSwiftPackageReference;
			repositoryURL = "https://github.com/SVGKit/SVGKit";
			requirement = {
				kind = upToNextMajorVersion;
				minimumVersion = 3.0.0;
			};
		};
		84A2EFB32AEBA7120062BF56 /* XCRemoteSwiftPackageReference "LightweightChartsIOS" */ = {
			isa = XCRemoteSwiftPackageReference;
			repositoryURL = "https://github.com/tradingview/LightweightChartsIOS";
			requirement = {
				kind = upToNextMajorVersion;
				minimumVersion = 4.0.0;
			};
		};
/* End XCRemoteSwiftPackageReference section */

/* Begin XCSwiftPackageProductDependency section */
		849CB5982AEA647C005B3FEB /* SVGKit */ = {
			isa = XCSwiftPackageProductDependency;
			package = 849CB5972AEA647C005B3FEB /* XCRemoteSwiftPackageReference "SVGKit" */;
			productName = SVGKit;
		};
		849CB59A2AEA647C005B3FEB /* SVGKitSwift */ = {
			isa = XCSwiftPackageProductDependency;
			package = 849CB5972AEA647C005B3FEB /* XCRemoteSwiftPackageReference "SVGKit" */;
			productName = SVGKitSwift;
		};
		84A2EFB42AEBA7120062BF56 /* LightweightCharts */ = {
			isa = XCSwiftPackageProductDependency;
			package = 84A2EFB32AEBA7120062BF56 /* XCRemoteSwiftPackageReference "LightweightChartsIOS" */;
			productName = LightweightCharts;
		};
/* End XCSwiftPackageProductDependency section */
	};
	rootObject = 849CB5572AEA0D30005B3FEB /* Project object */;
}
